
Microsoft Visual Studio Solution File, Format Version 12.00
# Visual Studio 15
VisualStudioVersion = 15.0.26730.12
MinimumVisualStudioVersion = 10.0.40219.1
Project("{FAE04EC0-301F-11D3-BF4B-00C04F79EFBC}") = "ENUM Uebung 2.5", "ENUM Uebung 2.5\ENUM Uebung 2.5.csproj", "{BAB981B6-361C-4DAB-8BCE-A1A6BA032381}"
EndProject
Global
	GlobalSection(SolutionConfigurationPlatforms) = preSolution
		Debug|Any CPU = Debug|Any CPU
		Release|Any CPU = Release|Any CPU
	EndGlobalSection
	GlobalSection(ProjectConfigurationPlatforms) = postSolution
		{BAB981B6-361C-4DAB-8BCE-A1A6BA032381}.Debug|Any CPU.ActiveCfg = Debug|Any CPU
		{BAB981B6-361C-4DAB-8BCE-A1A6BA032381}.Debug|Any CPU.Build.0 = Debug|Any CPU
		{BAB981B6-361C-4DAB-8BCE-A1A6BA032381}.Release|Any CPU.ActiveCfg = Release|Any CPU
		{BAB981B6-361C-4DAB-8BCE-A1A6BA032381}.Release|Any CPU.Build.0 = Release|Any CPU
	EndGlobalSection
	GlobalSection(SolutionProperties) = preSolution
		HideSolutionNode = FALSE
	EndGlobalSection
	GlobalSection(ExtensibilityGlobals) = postSolution
		SolutionGuid = {A623DFC9-A23D-450D-8276-B39C8C995491}
	EndGlobalSection
EndGlobal
