
Microsoft Visual Studio Solution File, Format Version 12.00
# Visual Studio 15
VisualStudioVersion = 15.0.26730.12
MinimumVisualStudioVersion = 10.0.40219.1
Project("{FAE04EC0-301F-11D3-BF4B-00C04F79EFBC}") = "Kons2", "Kons2\Kons2.csproj", "{0CEC07D5-3E6D-4780-AB4A-7899EEB3B3AE}"
EndProject
Global
	GlobalSection(SolutionConfigurationPlatforms) = preSolution
		Debug|Any CPU = Debug|Any CPU
		Release|Any CPU = Release|Any CPU
	EndGlobalSection
	GlobalSection(ProjectConfigurationPlatforms) = postSolution
		{0CEC07D5-3E6D-4780-AB4A-7899EEB3B3AE}.Debug|Any CPU.ActiveCfg = Debug|Any CPU
		{0CEC07D5-3E6D-4780-AB4A-7899EEB3B3AE}.Debug|Any CPU.Build.0 = Debug|Any CPU
		{0CEC07D5-3E6D-4780-AB4A-7899EEB3B3AE}.Release|Any CPU.ActiveCfg = Release|Any CPU
		{0CEC07D5-3E6D-4780-AB4A-7899EEB3B3AE}.Release|Any CPU.Build.0 = Release|Any CPU
	EndGlobalSection
	GlobalSection(SolutionProperties) = preSolution
		HideSolutionNode = FALSE
	EndGlobalSection
	GlobalSection(ExtensibilityGlobals) = postSolution
		SolutionGuid = {86868B39-BABA-4A0B-8882-F02D26905EC8}
	EndGlobalSection
EndGlobal
