
Microsoft Visual Studio Solution File, Format Version 12.00
# Visual Studio 15
VisualStudioVersion = 15.0.26730.12
MinimumVisualStudioVersion = 10.0.40219.1
Project("{FAE04EC0-301F-11D3-BF4B-00C04F79EFBC}") = "GeometricObjects", "GeometricObjects\GeometricObjects.csproj", "{32137088-3A4D-446B-A211-D756490AFFC2}"
EndProject
Global
	GlobalSection(SolutionConfigurationPlatforms) = preSolution
		Debug|Any CPU = Debug|Any CPU
		Release|Any CPU = Release|Any CPU
	EndGlobalSection
	GlobalSection(ProjectConfigurationPlatforms) = postSolution
		{32137088-3A4D-446B-A211-D756490AFFC2}.Debug|Any CPU.ActiveCfg = Debug|Any CPU
		{32137088-3A4D-446B-A211-D756490AFFC2}.Debug|Any CPU.Build.0 = Debug|Any CPU
		{32137088-3A4D-446B-A211-D756490AFFC2}.Release|Any CPU.ActiveCfg = Release|Any CPU
		{32137088-3A4D-446B-A211-D756490AFFC2}.Release|Any CPU.Build.0 = Release|Any CPU
	EndGlobalSection
	GlobalSection(SolutionProperties) = preSolution
		HideSolutionNode = FALSE
	EndGlobalSection
	GlobalSection(ExtensibilityGlobals) = postSolution
		SolutionGuid = {AD5D73F6-E649-4424-A047-EA3BA87B3427}
	EndGlobalSection
EndGlobal
