
Microsoft Visual Studio Solution File, Format Version 12.00
# Visual Studio 15
VisualStudioVersion = 15.0.26730.12
MinimumVisualStudioVersion = 10.0.40219.1
Project("{FAE04EC0-301F-11D3-BF4B-00C04F79EFBC}") = "HexadezimalerRechner", "HexadezimalerRechner\HexadezimalerRechner.csproj", "{662DBB1F-AC1C-4FCA-B75F-33949665FB04}"
EndProject
Global
	GlobalSection(SolutionConfigurationPlatforms) = preSolution
		Debug|Any CPU = Debug|Any CPU
		Release|Any CPU = Release|Any CPU
	EndGlobalSection
	GlobalSection(ProjectConfigurationPlatforms) = postSolution
		{662DBB1F-AC1C-4FCA-B75F-33949665FB04}.Debug|Any CPU.ActiveCfg = Debug|Any CPU
		{662DBB1F-AC1C-4FCA-B75F-33949665FB04}.Debug|Any CPU.Build.0 = Debug|Any CPU
		{662DBB1F-AC1C-4FCA-B75F-33949665FB04}.Release|Any CPU.ActiveCfg = Release|Any CPU
		{662DBB1F-AC1C-4FCA-B75F-33949665FB04}.Release|Any CPU.Build.0 = Release|Any CPU
	EndGlobalSection
	GlobalSection(SolutionProperties) = preSolution
		HideSolutionNode = FALSE
	EndGlobalSection
	GlobalSection(ExtensibilityGlobals) = postSolution
		SolutionGuid = {97670839-22E6-4AA0-97D2-88DCF6B7535F}
	EndGlobalSection
EndGlobal
