
Microsoft Visual Studio Solution File, Format Version 12.00
# Visual Studio 15
VisualStudioVersion = 15.0.26730.12
MinimumVisualStudioVersion = 10.0.40219.1
Project("{FAE04EC0-301F-11D3-BF4B-00C04F79EFBC}") = "ConsoleApp3", "ConsoleApp3\ConsoleApp3.csproj", "{2E6D9EB7-C197-4E83-AAAC-E76E6546D981}"
EndProject
Global
	GlobalSection(SolutionConfigurationPlatforms) = preSolution
		Debug|Any CPU = Debug|Any CPU
		Release|Any CPU = Release|Any CPU
	EndGlobalSection
	GlobalSection(ProjectConfigurationPlatforms) = postSolution
		{2E6D9EB7-C197-4E83-AAAC-E76E6546D981}.Debug|Any CPU.ActiveCfg = Debug|Any CPU
		{2E6D9EB7-C197-4E83-AAAC-E76E6546D981}.Debug|Any CPU.Build.0 = Debug|Any CPU
		{2E6D9EB7-C197-4E83-AAAC-E76E6546D981}.Release|Any CPU.ActiveCfg = Release|Any CPU
		{2E6D9EB7-C197-4E83-AAAC-E76E6546D981}.Release|Any CPU.Build.0 = Release|Any CPU
	EndGlobalSection
	GlobalSection(SolutionProperties) = preSolution
		HideSolutionNode = FALSE
	EndGlobalSection
	GlobalSection(ExtensibilityGlobals) = postSolution
		SolutionGuid = {C3EF4732-8182-4E72-9155-7423BBCF8F22}
	EndGlobalSection
EndGlobal
